[[package]]
name = "alembic"
version = "1.13.2"
description = "A database migration tool for SQLAlchemy."
category = "main"
optional = false
python-versions = ">=3.8"

[package.dependencies]
Mako = "*"
SQLAlchemy = ">=1.3.0"
typing-extensions = ">=4"

[package.extras]
tz = ["backports.zoneinfo"]

[[package]]
name = "annotated-types"
version = "0.7.0"
description = "Reusable constraint types to use with typing.Annotated"
category = "main"
optional = false
python-versions = ">=3.8"

[[package]]
name = "anyio"
version = "4.4.0"
description = "High level compatibility layer for multiple asynchronous event loop implementations"
category = "main"
optional = false
python-versions = ">=3.8"

[package.dependencies]
idna = ">=2.8"
sniffio = ">=1.1"

[package.extras]
doc = ["packaging", "Sphinx (>=7)", "sphinx-rtd-theme", "sphinx-autodoc-typehints (>=1.2.0)"]
test = ["anyio", "coverage[toml] (>=7)", "exceptiongroup (>=1.2.0)", "hypothesis (>=4.0)", "psutil (>=5.9)", "pytest (>=7.0)", "pytest-mock (>=3.6.1)", "trustme", "uvloop (>=0.17)"]
trio = ["trio (>=0.23)"]

[[package]]
name = "atomicwrites"
version = "1.4.1"
description = "Atomic file writes."
category = "dev"
optional = false
python-versions = ">=2.7, !=3.0.*, !=3.1.*, !=3.2.*, !=3.3.*"

[[package]]
name = "attrs"
version = "23.2.0"
description = "Classes Without Boilerplate"
category = "dev"
optional = false
python-versions = ">=3.7"

[package.extras]
cov = ["attrs", "coverage[toml] (>=5.3)"]
dev = ["attrs", "pre-commit"]
docs = ["furo", "myst-parser", "sphinx", "sphinx-notfound-page", "sphinxcontrib-towncrier", "towncrier", "zope-interface"]
tests = ["attrs", "zope-interface"]
tests-mypy = ["mypy (>=1.6)", "pytest-mypy-plugins"]
tests-no-zope = ["attrs", "cloudpickle", "hypothesis", "pympler", "pytest-xdist", "pytest (>=4.3.0)"]

[[package]]
name = "backports.tarfile"
version = "1.2.0"
description = "Backport of CPython tarfile module"
category = "main"
optional = false
python-versions = ">=3.8"

[package.extras]
docs = ["sphinx (>=3.5)", "jaraco.packaging (>=9.3)", "rst.linker (>=1.9)", "furo", "sphinx-lint"]
testing = ["pytest (>=6,<8.1.0 || >=8.2.0)", "pytest-checkdocs (>=2.4)", "pytest-cov", "pytest-enabler (>=2.2)", "jaraco.test", "pytest (<8.0.0 || >=8.1.0)"]

[[package]]
name = "bidict"
version = "0.23.1"
description = "The bidirectional mapping library for Python."
category = "main"
optional = false
python-versions = ">=3.8"

[[package]]
name = "build"
version = "1.2.1"
description = "A simple, correct Python build frontend"
category = "main"
optional = false
python-versions = ">=3.8"

[package.dependencies]
colorama = {version = "*", markers = "os_name == \"nt\""}
packaging = ">=19.1"
pyproject_hooks = "*"

[package.extras]
docs = ["furo (>=2023.08.17)", "sphinx (>=7.0,<8.0)", "sphinx-argparse-cli (>=1.5)", "sphinx-autodoc-typehints (>=1.10)", "sphinx-issues (>=3.0.0)"]
test = ["build", "filelock (>=3)", "pytest (>=6.2.4)", "pytest-cov (>=2.12)", "pytest-mock (>=2)", "pytest-rerunfailures (>=9.1)", "pytest-xdist (>=1.34)", "wheel (>=0.36.0)", "setuptools (>=42.0.0)", "setuptools (>=56.0.0)", "setuptools (>=56.0.0)", "setuptools (>=67.8.0)"]
typing = ["build", "importlib-metadata (>=5.1)", "mypy (>=1.9.0,<1.10.0)", "tomli", "typing-extensions (>=3.7.4.3)"]
uv = ["uv (>=0.1.18)"]
virtualenv = ["virtualenv (>=20.0.35)"]

[[package]]
name = "certifi"
version = "2024.7.4"
description = "Python package for providing Mozilla's CA Bundle."
category = "main"
optional = false
python-versions = ">=3.6"

[[package]]
name = "cffi"
version = "1.16.0"
description = "Foreign Function Interface for Python calling C code."
category = "main"
optional = false
python-versions = ">=3.8"

[package.dependencies]
pycparser = "*"

[[package]]
name = "charset-normalizer"
version = "3.3.2"
description = "The Real First Universal Charset Detector. Open, modern and actively maintained alternative to Chardet."
category = "main"
optional = false
python-versions = ">=3.7.0"

[[package]]
name = "click"
version = "8.1.7"
description = "Composable command line interface toolkit"
category = "main"
optional = false
python-versions = ">=3.7"

[package.dependencies]
colorama = {version = "*", markers = "platform_system == \"Windows\""}

[[package]]
name = "colorama"
version = "0.4.6"
description = "Cross-platform colored terminal text."
category = "main"
optional = false
python-versions = "!=3.0.*,!=3.1.*,!=3.2.*,!=3.3.*,!=3.4.*,!=3.5.*,!=3.6.*,>=2.7"

[[package]]
name = "cryptography"
version = "42.0.8"
description = "cryptography is a package which provides cryptographic recipes and primitives to Python developers."
category = "main"
optional = false
python-versions = ">=3.7"

[package.dependencies]
cffi = {version = ">=1.12", markers = "platform_python_implementation != \"PyPy\""}

[package.extras]
docs = ["sphinx (>=5.3.0)", "sphinx-rtd-theme (>=1.1.1)"]
docstest = ["pyenchant (>=1.6.11)", "readme-renderer", "sphinxcontrib-spelling (>=4.0.1)"]
nox = ["nox"]
pep8test = ["ruff", "mypy", "check-sdist", "click"]
sdist = ["build"]
ssh = ["bcrypt (>=3.1.5)"]
test = ["pytest (>=6.2.0)", "pytest-benchmark", "pytest-cov", "pytest-xdist", "pretend", "certifi"]
test-randomorder = ["pytest-randomly"]

[[package]]
name = "dill"
version = "0.3.8"
description = "serialize all of Python"
category = "main"
optional = false
python-versions = ">=3.8"

[package.extras]
graph = ["objgraph (>=1.7.2)"]
profile = ["gprof2dot (>=2022.7.29)"]

[[package]]
name = "distro"
version = "1.9.0"
description = "Distro - an OS platform information API"
category = "main"
optional = false
python-versions = ">=3.6"

[[package]]
name = "docutils"
version = "0.21.2"
description = "Docutils -- Python Documentation Utilities"
category = "main"
optional = false
python-versions = ">=3.9"

[[package]]
name = "fastapi"
version = "0.110.3"
description = "FastAPI framework, high performance, easy to learn, fast to code, ready for production"
category = "main"
optional = false
python-versions = ">=3.8"

[package.dependencies]
pydantic = ">=1.7.4,<1.8 || >1.8,<1.8.1 || >1.8.1,<2.0.0 || >2.0.0,<2.0.1 || >2.0.1,<2.1.0 || >2.1.0,<3.0.0"
starlette = ">=0.37.2,<0.38.0"
typing-extensions = ">=4.8.0"

[package.extras]
all = ["httpx (>=0.23.0)", "jinja2 (>=2.11.2)", "python-multipart (>=0.0.7)", "itsdangerous (>=1.1.0)", "pyyaml (>=5.3.1)", "ujson (>=4.0.1,!=4.0.2,!=4.1.0,!=4.2.0,!=4.3.0,!=5.0.0,!=5.1.0)", "orjson (>=3.2.1)", "email_validator (>=2.0.0)", "uvicorn[standard] (>=0.12.0)", "pydantic-settings (>=2.0.0)", "pydantic-extra-types (>=2.0.0)"]

[[package]]
name = "greenlet"
version = "3.0.3"
description = "Lightweight in-process concurrent programming"
category = "main"
optional = false
python-versions = ">=3.7"

[package.extras]
docs = ["sphinx", "furo"]
test = ["objgraph", "psutil"]

[[package]]
name = "gunicorn"
version = "22.0.0"
description = "WSGI HTTP Server for UNIX"
category = "main"
optional = false
python-versions = ">=3.7"

[package.dependencies]
packaging = "*"

[package.extras]
eventlet = ["eventlet (>=0.24.1,!=0.36.0)"]
gevent = ["gevent (>=1.4.0)"]
setproctitle = ["setproctitle"]
testing = ["gevent", "eventlet", "coverage", "pytest", "pytest-cov"]
tornado = ["tornado (>=0.2)"]

[[package]]
name = "h11"
version = "0.14.0"
description = "A pure-Python, bring-your-own-I/O implementation of HTTP/1.1"
category = "main"
optional = false
python-versions = ">=3.7"

[[package]]
name = "httpcore"
version = "1.0.5"
description = "A minimal low-level HTTP client."
category = "main"
optional = false
python-versions = ">=3.8"

[package.dependencies]
certifi = "*"
h11 = ">=0.13,<0.15"

[package.extras]
asyncio = ["anyio (>=4.0,<5.0)"]
http2 = ["h2 (>=3,<5)"]
socks = ["socksio (>=1.0.0,<2.0.0)"]
trio = ["trio (>=0.22.0,<0.26.0)"]

[[package]]
name = "httpx"
version = "0.27.0"
description = "The next generation HTTP client."
category = "main"
optional = false
python-versions = ">=3.8"

[package.dependencies]
anyio = "*"
certifi = "*"
httpcore = ">=1.0.0,<2.0.0"
idna = "*"
sniffio = "*"

[package.extras]
brotli = ["brotli", "brotlicffi"]
cli = ["click (>=8.0.0,<9.0.0)", "pygments (>=2.0.0,<3.0.0)", "rich (>=10,<14)"]
http2 = ["h2 (>=3,<5)"]
socks = ["socksio (>=1.0.0,<2.0.0)"]

[[package]]
name = "idna"
version = "3.7"
description = "Internationalized Domain Names in Applications (IDNA)"
category = "main"
optional = false
python-versions = ">=3.5"

[[package]]
name = "importlib-metadata"
version = "8.0.0"
description = "Read metadata from Python packages"
category = "main"
optional = false
python-versions = ">=3.8"

[package.dependencies]
zipp = ">=0.5"

[package.extras]
doc = ["sphinx (>=3.5)", "jaraco.packaging (>=9.3)", "rst.linker (>=1.9)", "furo", "sphinx-lint", "jaraco.tidelift (>=1.4)"]
perf = ["ipython"]
test = ["pytest (>=6,<8.1.0 || >=8.2.0)", "pytest-checkdocs (>=2.4)", "pytest-cov", "pytest-mypy", "pytest-enabler (>=2.2)", "pytest-ruff (>=0.2.1)", "packaging", "pyfakefs", "flufl.flake8", "pytest-perf (>=0.9.2)", "jaraco.test (>=5.4)", "importlib-resources (>=1.3)"]

[[package]]
name = "jaraco.classes"
version = "3.4.0"
description = "Utility functions for Python class constructs"
category = "main"
optional = false
python-versions = ">=3.8"

[package.dependencies]
more-itertools = "*"

[package.extras]
docs = ["sphinx (>=3.5)", "jaraco.packaging (>=9.3)", "rst.linker (>=1.9)", "furo", "sphinx-lint", "jaraco.tidelift (>=1.4)"]
testing = ["pytest (>=6)", "pytest-checkdocs (>=2.4)", "pytest-cov", "pytest-mypy", "pytest-enabler (>=2.2)", "pytest-ruff (>=0.2.1)"]

[[package]]
name = "jaraco.context"
version = "5.3.0"
description = "Useful decorators and context managers"
category = "main"
optional = false
python-versions = ">=3.8"

[package.dependencies]
"backports.tarfile" = {version = "*", markers = "python_version < \"3.12\""}

[package.extras]
docs = ["sphinx (>=3.5)", "jaraco.packaging (>=9.3)", "rst.linker (>=1.9)", "furo", "sphinx-lint", "jaraco.tidelift (>=1.4)"]
testing = ["pytest (>=6,!=8.1.1)", "pytest-checkdocs (>=2.4)", "pytest-cov", "pytest-mypy", "pytest-enabler (>=2.2)", "pytest-ruff (>=0.2.1)", "portend"]

[[package]]
name = "jaraco.functools"
version = "4.0.1"
description = "Functools like those found in stdlib"
category = "main"
optional = false
python-versions = ">=3.8"

[package.dependencies]
more-itertools = "*"

[package.extras]
docs = ["sphinx (>=3.5)", "sphinx (<7.2.5)", "jaraco.packaging (>=9.3)", "rst.linker (>=1.9)", "furo", "sphinx-lint", "jaraco.tidelift (>=1.4)"]
testing = ["pytest (>=6)", "pytest-checkdocs (>=2.4)", "pytest-cov", "pytest-enabler (>=2.2)", "pytest-ruff (>=0.2.1)", "jaraco.classes", "pytest-mypy"]

[[package]]
name = "jeepney"
version = "0.8.0"
description = "Low-level, pure Python DBus protocol wrapper."
category = "main"
optional = false
python-versions = ">=3.7"

[package.extras]
test = ["pytest", "pytest-trio", "pytest-asyncio (>=0.17)", "testpath", "trio", "async-timeout"]
trio = ["trio", "async-generator"]

[[package]]
name = "jinja2"
version = "3.1.4"
description = "A very fast and expressive template engine."
category = "main"
optional = false
python-versions = ">=3.7"

[package.dependencies]
MarkupSafe = ">=2.0"

[package.extras]
i18n = ["Babel (>=2.7)"]

[[package]]
name = "keyring"
version = "25.2.1"
description = "Store and access your passwords safely."
category = "main"
optional = false
python-versions = ">=3.8"

[package.dependencies]
importlib-metadata = {version = ">=4.11.4", markers = "python_version < \"3.12\""}
"jaraco.classes" = "*"
"jaraco.context" = "*"
"jaraco.functools" = "*"
jeepney = {version = ">=0.4.2", markers = "sys_platform == \"linux\""}
pywin32-ctypes = {version = ">=0.2.0", markers = "sys_platform == \"win32\""}
SecretStorage = {version = ">=3.2", markers = "sys_platform == \"linux\""}

[package.extras]
completion = ["shtab (>=1.1.0)"]
docs = ["sphinx (>=3.5)", "jaraco.packaging (>=9.3)", "rst.linker (>=1.9)", "furo", "sphinx-lint", "jaraco.tidelift (>=1.4)"]
testing = ["pytest (>=6,<8.1.0 || >=8.2.0)", "pytest-checkdocs (>=2.4)", "pytest-cov", "pytest-mypy", "pytest-enabler (>=2.2)", "pytest-ruff (>=0.2.1)"]

[[package]]
name = "lazy-loader"
version = "0.4"
description = "Makes it easy to load subpackages and functions on demand."
category = "main"
optional = false
python-versions = ">=3.7"

[package.dependencies]
packaging = "*"

[package.extras]
dev = ["changelist (==0.5)"]
lint = ["pre-commit (==3.7.0)"]
test = ["pytest (>=7.4)", "pytest-cov (>=4.1)"]

[[package]]
name = "mako"
version = "1.3.5"
description = "A super-fast templating language that borrows the best ideas from the existing templating languages."
category = "main"
optional = false
python-versions = ">=3.8"

[package.dependencies]
MarkupSafe = ">=0.9.2"

[package.extras]
testing = ["pytest"]
babel = ["babel"]
lingua = ["lingua"]

[[package]]
name = "markdown-it-py"
version = "3.0.0"
description = "Python port of markdown-it. Markdown parsing, done right!"
category = "main"
optional = false
python-versions = ">=3.8"

[package.dependencies]
mdurl = ">=0.1,<1.0"

[package.extras]
benchmarking = ["psutil", "pytest", "pytest-benchmark"]
code_style = ["pre-commit (>=3.0,<4.0)"]
compare = ["commonmark (>=0.9,<1.0)", "markdown (>=3.4,<4.0)", "mistletoe (>=1.0,<2.0)", "mistune (>=2.0,<3.0)", "panflute (>=2.3,<3.0)"]
linkify = ["linkify-it-py (>=1,<3)"]
plugins = ["mdit-py-plugins"]
profiling = ["gprof2dot"]
rtd = ["mdit-py-plugins", "myst-parser", "pyyaml", "sphinx", "sphinx-copybutton", "sphinx-design", "sphinx-book-theme", "jupyter-sphinx"]
testing = ["coverage", "pytest", "pytest-cov", "pytest-regressions"]

[[package]]
name = "markupsafe"
version = "2.1.5"
description = "Safely add untrusted strings to HTML/XML markup."
category = "main"
optional = false
python-versions = ">=3.7"

[[package]]
name = "mdurl"
version = "0.1.2"
description = "Markdown URL utilities"
category = "main"
optional = false
python-versions = ">=3.7"

[[package]]
name = "more-itertools"
version = "10.3.0"
description = "More routines for operating on iterables, beyond itertools"
category = "main"
optional = false
python-versions = ">=3.8"

[[package]]
name = "nh3"
version = "0.2.18"
description = "Python bindings to the ammonia HTML sanitization library."
category = "main"
optional = false
python-versions = "*"

[[package]]
name = "packaging"
version = "24.1"
description = "Core utilities for Python packages"
category = "main"
optional = false
python-versions = ">=3.8"

[[package]]
name = "pipdeptree"
version = "2.16.2"
description = "Command line utility to show dependency tree of packages."
category = "main"
optional = false
python-versions = ">=3.8"

[package.extras]
graphviz = ["graphviz (>=0.20.1)"]
test = ["covdefaults (>=2.3)", "diff-cover (>=8.0.1)", "pytest-cov (>=4.1)", "pytest-mock (>=3.12)", "pytest (>=7.4.3)", "virtualenv (>=20.25,<21)"]

[[package]]
name = "pkginfo"
version = "1.10.0"
description = "Query metadata from sdists / bdists / installed packages."
category = "main"
optional = false
python-versions = ">=3.6"

[package.extras]
testing = ["pytest", "pytest-cov", "wheel"]

[[package]]
name = "platformdirs"
version = "4.2.2"
description = "A small Python package for determining appropriate platform-specific dirs, e.g. a `user data dir`."
category = "main"
optional = false
python-versions = ">=3.8"

[package.extras]
docs = ["furo (>=2023.9.10)", "proselint (>=0.13)", "sphinx-autodoc-typehints (>=1.25.2)", "sphinx (>=7.2.6)"]
test = ["appdirs (==1.4.4)", "covdefaults (>=2.3)", "pytest-cov (>=4.1)", "pytest-mock (>=3.12)", "pytest (>=7.4.3)"]
type = ["mypy (>=1.8)"]

[[package]]
name = "pluggy"
version = "0.13.1"
description = "plugin and hook calling mechanisms for python"
category = "dev"
optional = false
python-versions = ">=2.7, !=3.0.*, !=3.1.*, !=3.2.*, !=3.3.*"

[package.extras]
dev = ["pre-commit", "tox"]

[[package]]
name = "psutil"
version = "5.9.8"
description = "Cross-platform lib for process and system monitoring in Python."
category = "main"
optional = false
python-versions = ">=2.7, !=3.0.*, !=3.1.*, !=3.2.*, !=3.3.*, !=3.4.*, !=3.5.*"

[package.extras]
test = ["enum34", "ipaddress", "mock", "pywin32", "wmi"]

[[package]]
name = "py"
version = "1.11.0"
description = "library with cross-python path, ini-parsing, io, code, log facilities"
category = "dev"
optional = false
python-versions = ">=2.7, !=3.0.*, !=3.1.*, !=3.2.*, !=3.3.*, !=3.4.*"

[[package]]
name = "pycparser"
version = "2.22"
description = "C parser in Python"
category = "main"
optional = false
python-versions = ">=3.8"

[[package]]
name = "pydantic"
version = "2.8.2"
description = "Data validation using Python type hints"
category = "main"
optional = false
python-versions = ">=3.8"

[package.dependencies]
annotated-types = ">=0.4.0"
pydantic-core = "2.20.1"
typing-extensions = [
    {version = ">=4.12.2", markers = "python_version >= \"3.13\""},
    {version = ">=4.6.1", markers = "python_version < \"3.13\""},
]

[package.extras]
email = ["email-validator (>=2.0.0)"]

[[package]]
name = "pydantic-core"
version = "2.20.1"
description = "Core functionality for Pydantic validation and serialization"
category = "main"
optional = false
python-versions = ">=3.8"

[package.dependencies]
typing-extensions = ">=4.6.0,<4.7.0 || >4.7.0"

[[package]]
name = "pygments"
version = "2.18.0"
description = "Pygments is a syntax highlighting package written in Python."
category = "main"
optional = false
python-versions = ">=3.8"

[package.extras]
windows-terminal = ["colorama (>=0.4.6)"]

[[package]]
name = "pyproject-hooks"
version = "1.1.0"
description = "Wrappers to call pyproject.toml-based build backend hooks."
category = "main"
optional = false
python-versions = ">=3.7"

[[package]]
name = "pytest"
version = "5.4.3"
description = "pytest: simple powerful testing with Python"
category = "dev"
optional = false
python-versions = ">=3.5"

[package.dependencies]
atomicwrites = {version = ">=1.0", markers = "sys_platform == \"win32\""}
attrs = ">=17.4.0"
colorama = {version = "*", markers = "sys_platform == \"win32\""}
more-itertools = ">=4.0.0"
packaging = "*"
pluggy = ">=0.12,<1.0"
py = ">=1.5.0"
wcwidth = "*"

[package.extras]
checkqa-mypy = ["mypy (==v0.761)"]
testing = ["argcomplete", "hypothesis (>=3.56)", "mock", "nose", "requests", "xmlschema"]

[[package]]
name = "python-dateutil"
version = "2.9.0.post0"
description = "Extensions to the standard Python datetime module"
category = "main"
optional = false
python-versions = "!=3.0.*,!=3.1.*,!=3.2.*,>=2.7"

[package.dependencies]
six = ">=1.5"

[[package]]
name = "python-engineio"
version = "4.9.1"
description = "Engine.IO server and client for Python"
category = "main"
optional = false
python-versions = ">=3.6"

[package.dependencies]
simple-websocket = ">=0.10.0"

[package.extras]
asyncio-client = ["aiohttp (>=3.4)"]
client = ["requests (>=2.21.0)", "websocket-client (>=0.54.0)"]
docs = ["sphinx"]

[[package]]
name = "python-multipart"
version = "0.0.9"
description = "A streaming multipart parser for Python"
category = "main"
optional = false
python-versions = ">=3.8"

[package.extras]
dev = ["atomicwrites (==1.4.1)", "attrs (==23.2.0)", "coverage (==7.4.1)", "hatch", "invoke (==2.2.0)", "more-itertools (==10.2.0)", "pbr (==6.0.0)", "pluggy (==1.4.0)", "py (==1.11.0)", "pytest-cov (==4.1.0)", "pytest-timeout (==2.2.0)", "pytest (==8.0.0)", "pyyaml (==6.0.1)", "ruff (==0.2.1)"]

[[package]]
name = "python-socketio"
version = "5.11.3"
description = "Socket.IO server and client for Python"
category = "main"
optional = false
python-versions = ">=3.8"

[package.dependencies]
bidict = ">=0.21.0"
python-engineio = ">=4.8.0"

[package.extras]
asyncio-client = ["aiohttp (>=3.4)"]
client = ["requests (>=2.21.0)", "websocket-client (>=0.54.0)"]
docs = ["sphinx"]

[[package]]
name = "pywin32-ctypes"
version = "0.2.2"
description = "A (partial) reimplementation of pywin32 using ctypes/cffi"
category = "main"
optional = false
python-versions = ">=3.6"

[[package]]
name = "readme-renderer"
version = "43.0"
description = "readme_renderer is a library for rendering readme descriptions for Warehouse"
category = "main"
optional = false
python-versions = ">=3.8"

[package.dependencies]
docutils = ">=0.13.1"
nh3 = ">=0.2.14"
Pygments = ">=2.5.1"

[package.extras]
md = ["cmarkgfm (>=0.8.0)"]

[[package]]
name = "redis"
version = "5.0.7"
description = "Python client for Redis database and key-value store"
category = "main"
optional = false
python-versions = ">=3.7"

[package.extras]
hiredis = ["hiredis (>=1.0.0)"]
ocsp = ["cryptography (>=36.0.1)", "pyopenssl (==20.0.1)", "requests (>=2.26.0)"]

[[package]]
name = "reflex"
version = "0.5.5"
description = "Web apps in pure Python."
category = "main"
optional = false
python-versions = "<4.0,>=3.8"

[package.dependencies]
alembic = ">=1.11.1,<2.0"
build = ">=1.0.3,<2.0"
charset-normalizer = ">=3.3.2,<4.0"
dill = ">=0.3.8,<0.4"
distro = {version = ">=1.8.0,<2.0", markers = "sys_platform == \"linux\""}
fastapi = ">=0.96.0,<0.111.0"
gunicorn = ">=20.1.0,<23.0"
httpx = ">=0.25.1,<1.0"
jinja2 = ">=3.1.2,<4.0"
lazy_loader = ">=0.4"
packaging = ">=23.1,<25.0"
platformdirs = ">=3.10.0,<5.0"
psutil = ">=5.9.4,<6.0"
pydantic = ">=1.10.2,<3.0"
python-engineio = "!=4.6.0"
python-multipart = ">=0.0.5,<0.1"
python-socketio = ">=5.7.0,<6.0"
redis = ">=4.3.5,<6.0"
reflex-hosting-cli = ">=0.1.2,<2.0"
rich = ">=13.0.0,<14.0"
sqlmodel = ">=0.0.14,<0.1"
starlette-admin = ">=0.11.0,<1.0"
tomlkit = ">=0.12.4,<1.0"
twine = ">=4.0.0,<6.0"
typer = ">=0.4.2,<1.0"
uvicorn = [
    {version = ">=0.24.0,<0.25.0", markers = "python_version >= \"3.12\""},
    {version = ">=0.20.0,<0.21.0", markers = "python_version < \"3.12\""},
]
watchdog = ">=2.3.1,<5.0"
watchfiles = ">=0.19.0,<1.0"
wrapt = {version = ">=1.14.0,<2.0", markers = "python_version >= \"3.11\""}

[[package]]
name = "reflex-hosting-cli"
version = "0.1.13"
description = "Reflex Hosting CLI"
category = "main"
optional = false
python-versions = "<4.0,>=3.8"

[package.dependencies]
charset-normalizer = ">=3.3.2,<4.0.0"
httpx = ">=0.25.1,<1.0"
pipdeptree = ">=2.13.1,<2.17.0"
platformdirs = ">=3.10.0,<5.0"
pydantic = ">=1.10.2,<3.0"
python-dateutil = ">=2.8.1"
rich = ">=13.0.0,<14.0"
tabulate = ">=0.9.0,<0.10.0"
typer = ">=0.4.2,<1"
websockets = ">=10.4"

[[package]]
name = "requests"
version = "2.32.3"
description = "Python HTTP for Humans."
category = "main"
optional = false
python-versions = ">=3.8"

[package.dependencies]
certifi = ">=2017.4.17"
charset-normalizer = ">=2,<4"
idna = ">=2.5,<4"
urllib3 = ">=1.21.1,<3"

[package.extras]
socks = ["PySocks (>=1.5.6,!=1.5.7)"]
use-chardet-on-py3 = ["chardet (>=3.0.2,<6)"]

[[package]]
name = "requests-toolbelt"
version = "1.0.0"
description = "A utility belt for advanced users of python-requests"
category = "main"
optional = false
python-versions = ">=2.7, !=3.0.*, !=3.1.*, !=3.2.*, !=3.3.*"

[package.dependencies]
requests = ">=2.0.1,<3.0.0"

[[package]]
name = "rfc3986"
version = "2.0.0"
description = "Validating URI References per RFC 3986"
category = "main"
optional = false
python-versions = ">=3.7"

[package.extras]
idna2008 = ["idna"]

[[package]]
name = "rich"
version = "13.7.1"
description = "Render rich text, tables, progress bars, syntax highlighting, markdown and more to the terminal"
category = "main"
optional = false
python-versions = ">=3.7.0"

[package.dependencies]
markdown-it-py = ">=2.2.0"
pygments = ">=2.13.0,<3.0.0"

[package.extras]
jupyter = ["ipywidgets (>=7.5.1,<9)"]

[[package]]
name = "secretstorage"
version = "3.3.3"
description = "Python bindings to FreeDesktop.org Secret Service API"
category = "main"
optional = false
python-versions = ">=3.6"

[package.dependencies]
cryptography = ">=2.0"
jeepney = ">=0.6"

[[package]]
name = "shellingham"
version = "1.5.4"
description = "Tool to Detect Surrounding Shell"
category = "main"
optional = false
python-versions = ">=3.7"

[[package]]
name = "simple-websocket"
version = "1.0.0"
description = "Simple WebSocket server and client for Python"
category = "main"
optional = false
python-versions = ">=3.6"

[package.dependencies]
wsproto = "*"

[package.extras]
docs = ["sphinx"]

[[package]]
name = "six"
version = "1.16.0"
description = "Python 2 and 3 compatibility utilities"
category = "main"
optional = false
python-versions = ">=2.7, !=3.0.*, !=3.1.*, !=3.2.*"

[[package]]
name = "sniffio"
version = "1.3.1"
description = "Sniff out which async library your code is running under"
category = "main"
optional = false
python-versions = ">=3.7"

[[package]]
name = "sqlalchemy"
version = "2.0.31"
description = "Database Abstraction Library"
category = "main"
optional = false
python-versions = ">=3.7"

[package.dependencies]
greenlet = {version = "!=0.4.17", markers = "python_version < \"3.13\" and (platform_machine == \"aarch64\" or platform_machine == \"ppc64le\" or platform_machine == \"x86_64\" or platform_machine == \"amd64\" or platform_machine == \"AMD64\" or platform_machine == \"win32\" or platform_machine == \"WIN32\")"}
typing-extensions = ">=4.6.0"

[package.extras]
asyncio = ["greenlet (!=0.4.17)"]
mypy = ["mypy (>=0.910)"]
mssql = ["pyodbc"]
mssql-pymssql = ["pymssql"]
mssql-pyodbc = ["pyodbc"]
mysql = ["mysqlclient (>=1.4.0)"]
mysql-connector = ["mysql-connector-python"]
mariadb-connector = ["mariadb (>=1.0.1,!=1.1.2,!=1.1.5)"]
oracle = ["cx_oracle (>=8)"]
oracle-oracledb = ["oracledb (>=1.0.1)"]
postgresql = ["psycopg2 (>=2.7)"]
postgresql-pg8000 = ["pg8000 (>=1.29.1)"]
postgresql-asyncpg = ["greenlet (!=0.4.17)", "asyncpg"]
postgresql-psycopg2binary = ["psycopg2-binary"]
postgresql-psycopg2cffi = ["psycopg2cffi"]
postgresql-psycopg = ["psycopg (>=3.0.7)"]
postgresql-psycopgbinary = ["psycopg[binary] (>=3.0.7)"]
pymysql = ["pymysql"]
aiomysql = ["greenlet (!=0.4.17)", "aiomysql (>=0.2.0)"]
aioodbc = ["greenlet (!=0.4.17)", "aioodbc"]
asyncmy = ["greenlet (!=0.4.17)", "asyncmy (>=0.2.3,!=0.2.4,!=0.2.6)"]
aiosqlite = ["greenlet (!=0.4.17)", "aiosqlite", "typing_extensions (!=3.10.0.1)"]
sqlcipher = ["sqlcipher3-binary"]

[[package]]
name = "sqlmodel"
version = "0.0.19"
description = "SQLModel, SQL databases in Python, designed for simplicity, compatibility, and robustness."
category = "main"
optional = false
python-versions = ">=3.7"

[package.dependencies]
pydantic = ">=1.10.13,<3.0.0"
SQLAlchemy = ">=2.0.14,<2.1.0"

[[package]]
name = "starlette"
version = "0.37.2"
description = "The little ASGI library that shines."
category = "main"
optional = false
python-versions = ">=3.8"

[package.dependencies]
anyio = ">=3.4.0,<5"

[package.extras]
full = ["httpx (>=0.22.0)", "itsdangerous", "jinja2", "python-multipart (>=0.0.7)", "pyyaml"]

[[package]]
name = "starlette-admin"
version = "0.14.0"
description = "Fast, beautiful and extensible administrative interface framework for Starlette/FastApi applications"
category = "main"
optional = false
python-versions = ">=3.8"

[package.dependencies]
jinja2 = ">=3,<4"
python-multipart = "*"
starlette = "*"

[package.extras]
cov = ["coverage[toml] (>=7.0.0,<7.4.0)"]
dev = ["pre-commit (>=2.20.0,<4.0.0)", "uvicorn (>=0.20.0,<0.26.0)"]
doc = ["mkdocs-material (>=9.0.0,<10.0.0)", "mkdocs-static-i18n (>=0.53.0,<0.57.0)", "mkdocs (>=1.4.2,<2.0.0)", "mkdocstrings[python] (>=0.19.0,<0.25.0)"]
i18n = ["babel (>=2.13.0)"]
test = ["aiomysql (>=0.1.1,<0.3.0)", "aiosqlite (>=0.17.0,<0.20.0)", "arrow (>=1.2.3,<1.4.0)", "asyncpg (>=0.27.0,<0.30.0)", "backports-zoneinfo", "black (==24.1.1)", "colour (>=0.1.5,<0.2.0)", "fasteners (==0.19)", "httpx (>=0.23.3,<0.27.0)", "itsdangerous (>=2.1.2,<2.2.0)", "mongoengine (>=0.25.0,<0.28.0)", "mypy (==1.8.0)", "odmantic (>=0.9.0,<0.10.0)", "passlib (>=1.7.4,<1.8.0)", "phonenumbers (>=8.13.3,<8.14.0)", "pillow (>=9.4.0,<9.6.0)", "psycopg2-binary (>=2.9.5,<3.0.0)", "pydantic[email] (>=1.10.2,<2.6.0)", "pymysql[rsa] (>=1.0.2,<1.2.0)", "pytest-asyncio (>=0.20.2,<0.24.0)", "pytest (>=7.2.0,<7.5.0)", "ruff (==0.1.15)", "sqlalchemy-file (>=0.5.0,<0.7.0)", "sqlalchemy-utils (>=0.40.0,<0.42.0)", "sqlmodel (>=0.0.11,<0.15.0)", "tinydb (>=4.7.0,<4.9.0)"]

[[package]]
name = "tabulate"
version = "0.9.0"
description = "Pretty-print tabular data"
category = "main"
optional = false
python-versions = ">=3.7"

[package.extras]
widechars = ["wcwidth"]

[[package]]
name = "tomlkit"
version = "0.12.5"
description = "Style preserving TOML library"
category = "main"
optional = false
python-versions = ">=3.7"

[[package]]
name = "twine"
version = "5.1.1"
description = "Collection of utilities for publishing packages on PyPI"
category = "main"
optional = false
python-versions = ">=3.8"

[package.dependencies]
importlib-metadata = ">=3.6"
keyring = ">=15.1"
pkginfo = [
    ">=1.8.1",
    "<1.11",
]
readme-renderer = ">=35.0"
requests = ">=2.20"
requests-toolbelt = ">=0.8.0,<0.9.0 || >0.9.0"
rfc3986 = ">=1.4.0"
rich = ">=12.0.0"
urllib3 = ">=1.26.0"

[[package]]
name = "typer"
version = "0.12.3"
description = "Typer, build great CLIs. Easy to code. Based on Python type hints."
category = "main"
optional = false
python-versions = ">=3.7"

[package.dependencies]
click = ">=8.0.0"
rich = ">=10.11.0"
shellingham = ">=1.3.0"
typing-extensions = ">=3.7.4.3"

[[package]]
name = "typing-extensions"
version = "4.12.2"
description = "Backported and Experimental Type Hints for Python 3.8+"
category = "main"
optional = false
python-versions = ">=3.8"

[[package]]
name = "urllib3"
version = "2.2.2"
description = "HTTP library with thread-safe connection pooling, file post, and more."
category = "main"
optional = false
python-versions = ">=3.8"

[package.extras]
brotli = ["brotli (>=1.0.9)", "brotlicffi (>=0.8.0)"]
h2 = ["h2 (>=4,<5)"]
socks = ["pysocks (>=1.5.6,!=1.5.7,<2.0)"]
zstd = ["zstandard (>=0.18.0)"]

[[package]]
name = "uvicorn"
version = "0.20.0"
description = "The lightning-fast ASGI server."
category = "main"
optional = false
python-versions = ">=3.7"

[package.dependencies]
click = ">=7.0"
h11 = ">=0.8"

[package.extras]
standard = ["colorama (>=0.4)", "httptools (>=0.5.0)", "python-dotenv (>=0.13)", "pyyaml (>=5.1)", "uvloop (>=0.14.0,!=0.15.0,!=0.15.1)", "watchfiles (>=0.13)", "websockets (>=10.4)"]

[[package]]
name = "uvicorn"
version = "0.24.0.post1"
description = "The lightning-fast ASGI server."
category = "main"
optional = false
python-versions = ">=3.8"

[package.dependencies]
click = ">=7.0"
h11 = ">=0.8"

[package.extras]
standard = ["colorama (>=0.4)", "httptools (>=0.5.0)", "python-dotenv (>=0.13)", "pyyaml (>=5.1)", "uvloop (>=0.14.0,!=0.15.0,!=0.15.1)", "watchfiles (>=0.13)", "websockets (>=10.4)"]

[[package]]
name = "watchdog"
version = "4.0.1"
description = "Filesystem events monitoring"
category = "main"
optional = false
python-versions = ">=3.8"

[package.extras]
watchmedo = ["PyYAML (>=3.10)"]

[[package]]
name = "watchfiles"
version = "0.22.0"
description = "Simple, modern and high performance file watching and code reload in python."
category = "main"
optional = false
python-versions = ">=3.8"

[package.dependencies]
anyio = ">=3.0.0"

[[package]]
name = "wcwidth"
version = "0.2.13"
description = "Measures the displayed width of unicode strings in a terminal"
category = "dev"
optional = false
python-versions = "*"

[[package]]
name = "websockets"
version = "12.0"
description = "An implementation of the WebSocket Protocol (RFC 6455 & 7692)"
category = "main"
optional = false
python-versions = ">=3.8"

[[package]]
name = "wrapt"
version = "1.16.0"
description = "Module for decorators, wrappers and monkey patching."
category = "main"
optional = false
python-versions = ">=3.6"

[[package]]
name = "wsproto"
version = "1.2.0"
description = "WebSockets state-machine based protocol implementation"
category = "main"
optional = false
python-versions = ">=3.7.0"

[package.dependencies]
h11 = ">=0.9.0,<1"

[[package]]
name = "zipp"
version = "3.19.2"
description = "Backport of pathlib-compatible object wrapper for zip files"
category = "main"
optional = false
python-versions = ">=3.8"

[package.extras]
doc = ["sphinx (>=3.5)", "jaraco.packaging (>=9.3)", "rst.linker (>=1.9)", "furo", "sphinx-lint", "jaraco.tidelift (>=1.4)"]
test = ["pytest (>=6,<8.1.0 || >=8.2.0)", "pytest-checkdocs (>=2.4)", "pytest-cov", "pytest-mypy", "pytest-enabler (>=2.2)", "pytest-ruff (>=0.2.1)", "jaraco.itertools", "jaraco.functools", "more-itertools", "big-o", "pytest-ignore-flaky", "jaraco.test", "importlib-resources"]

[metadata]
lock-version = "1.1"
python-versions = "^3.11.9"
content-hash = "20766d2722251b6c580a7c1769d8d749b3557ee9a5640e0a3322af5ba3983f84"

[metadata.files]
alembic = []
annotated-types = []
anyio = []
atomicwrites = []
attrs = []
"backports.tarfile" = []
bidict = []
build = []
certifi = []
cffi = []
charset-normalizer = []
click = []
colorama = []
cryptography = []
dill = []
distro = []
docutils = []
fastapi = []
greenlet = []
gunicorn = []
h11 = []
httpcore = []
httpx = []
idna = []
importlib-metadata = []
"jaraco.classes" = []
"jaraco.context" = []
"jaraco.functools" = []
jeepney = [
    {file = "jeepney-0.8.0-py3-none-any.whl", hash = "sha256:c0a454ad016ca575060802ee4d590dd912e35c122fa04e70306de3d076cce755"},
    {file = "jeepney-0.8.0.tar.gz", hash = "sha256:5efe48d255973902f6badc3ce55e2aa6c5c3b3bc642059ef3a91247bcfcc5806"},
]
jinja2 = []
keyring = []
lazy-loader = []
mako = []
markdown-it-py = []
markupsafe = []
mdurl = []
more-itertools = []
nh3 = []
packaging = []
pipdeptree = []
pkginfo = []
platformdirs = []
pluggy = [
    {file = "pluggy-0.13.1-py2.py3-none-any.whl", hash = "sha256:966c145cd83c96502c3c3868f50408687b38434af77734af1e9ca461a4081d2d"},
    {file = "pluggy-0.13.1.tar.gz", hash = "sha256:15b2acde666561e1298d71b523007ed7364de07029219b604cf808bfa1c765b0"},
]
psutil = []
py = [
    {file = "py-1.11.0-py2.py3-none-any.whl", hash = "sha256:607c53218732647dff4acdfcd50cb62615cedf612e72d1724fb1a0cc6405b378"},
    {file = "py-1.11.0.tar.gz", hash = "sha256:51c75c4126074b472f746a24399ad32f6053d1b34b68d2fa41e558e6f4a98719"},
]
pycparser = []
pydantic = []
pydantic-core = []
pygments = []
pyproject-hooks = []
pytest = [
    {file = "pytest-5.4.3-py3-none-any.whl", hash = "sha256:5c0db86b698e8f170ba4582a492248919255fcd4c79b1ee64ace34301fb589a1"},
    {file = "pytest-5.4.3.tar.gz", hash = "sha256:7979331bfcba207414f5e1263b5a0f8f521d0f457318836a7355531ed1a4c7d8"},
]
python-dateutil = []
python-engineio = []
python-multipart = []
python-socketio = []
pywin32-ctypes = []
readme-renderer = []
redis = []
reflex = []
reflex-hosting-cli = []
requests = []
requests-toolbelt = []
rfc3986 = []
rich = []
secretstorage = []
shellingham = []
simple-websocket = []
six = [
    {file = "six-1.16.0-py2.py3-none-any.whl", hash = "sha256:8abb2f1d86890a2dfb989f9a77cfcfd3e47c2a354b01111771326f8aa26e0254"},
    {file = "six-1.16.0.tar.gz", hash = "sha256:1e61c37477a1626458e36f7b1d82aa5c9b094fa4802892072e49de9c60c4c926"},
]
sniffio = []
sqlalchemy = []
sqlmodel = []
starlette = []
starlette-admin = []
tabulate = []
tomlkit = []
twine = []
typer = []
typing-extensions = []
urllib3 = []
uvicorn = []
watchdog = []
watchfiles = []
wcwidth = []
websockets = []
wrapt = []
wsproto = []
zipp = []
